
Microsoft Visual Studio Solution File, Format Version 12.00
# Visual Studio Version 16
VisualStudioVersion = 16.0.30611.23
MinimumVisualStudioVersion = 10.0.40219.1
Project("{FAE04EC0-301F-11D3-BF4B-00C04F79EFBC}") = "UrlShortener", "UrlShortener\UrlShortener.csproj", "{E222BD8F-335F-4B5D-9486-6A1E797149BD}"
EndProject
Global
	GlobalSection(SolutionConfigurationPlatforms) = preSolution
		Debug|Any CPU = Debug|Any CPU
		Release|Any CPU = Release|Any CPU
	EndGlobalSection
	GlobalSection(ProjectConfigurationPlatforms) = postSolution
		{E222BD8F-335F-4B5D-9486-6A1E797149BD}.Debug|Any CPU.ActiveCfg = Debug|Any CPU
		{E222BD8F-335F-4B5D-9486-6A1E797149BD}.Debug|Any CPU.Build.0 = Debug|Any CPU
		{E222BD8F-335F-4B5D-9486-6A1E797149BD}.Release|Any CPU.ActiveCfg = Release|Any CPU
		{E222BD8F-335F-4B5D-9486-6A1E797149BD}.Release|Any CPU.Build.0 = Release|Any CPU
	EndGlobalSection
	GlobalSection(SolutionProperties) = preSolution
		HideSolutionNode = FALSE
	EndGlobalSection
	GlobalSection(ExtensibilityGlobals) = postSolution
		SolutionGuid = {0132F230-6D22-428D-8639-0398DE89DD41}
	EndGlobalSection
EndGlobal
