
Microsoft Visual Studio Solution File, Format Version 12.00
# Visual Studio Version 16
VisualStudioVersion = 16.0.30611.23
MinimumVisualStudioVersion = 10.0.40219.1
Project("{FAE04EC0-301F-11D3-BF4B-00C04F79EFBC}") = "UrlShortener.Web", "UrlShortener\UrlShortener.Web.csproj", "{E222BD8F-335F-4B5D-9486-6A1E797149BD}"
EndProject
Project("{2150E333-8FDC-42A3-9474-1A3956D46DE8}") = "Presentations", "Presentations", "{63738ECA-D258-4CBA-8418-8403AD47484B}"
EndProject
Project("{2150E333-8FDC-42A3-9474-1A3956D46DE8}") = "Database", "Database", "{6FFE4EF4-1787-4873-9D57-C7AF62EB58ED}"
EndProject
Project("{2150E333-8FDC-42A3-9474-1A3956D46DE8}") = "Abstractions", "Abstractions", "{B9FC2B7F-8F8D-478D-91E0-8E1F48C7DA1B}"
EndProject
Project("{00D1A9C2-B5F0-4AF3-8072-F6C62B433612}") = "UrlShortener.Db", "UrlShortener.Db\UrlShortener.Db.sqlproj", "{B02A3485-4BB3-4D58-B910-BC1E9C53162C}"
EndProject
Project("{FAE04EC0-301F-11D3-BF4B-00C04F79EFBC}") = "UrlShortener.Core", "UrlShortener.Core\UrlShortener.Core.csproj", "{1AE4F38E-7375-4C76-9613-E4B379990B55}"
EndProject
Project("{FAE04EC0-301F-11D3-BF4B-00C04F79EFBC}") = "UrlShortener.Entity", "UrlShortener.Entity\UrlShortener.Entity.csproj", "{68721B86-8062-40A1-AF74-3EE2B360CC1B}"
EndProject
Project("{FAE04EC0-301F-11D3-BF4B-00C04F79EFBC}") = "UrlShortener.Repository", "UrlShortener.Repository\UrlShortener.Repository.csproj", "{7454F9BC-EAED-4AD5-A3FD-146C085654BB}"
EndProject
Project("{FAE04EC0-301F-11D3-BF4B-00C04F79EFBC}") = "UrlShortener.Service", "UrlShortener.Service\UrlShortener.Service.csproj", "{24232E7C-DEC1-453A-BB6F-C174E8AC57A9}"
EndProject
Global
	GlobalSection(SolutionConfigurationPlatforms) = preSolution
		Debug|Any CPU = Debug|Any CPU
		Release|Any CPU = Release|Any CPU
	EndGlobalSection
	GlobalSection(ProjectConfigurationPlatforms) = postSolution
		{E222BD8F-335F-4B5D-9486-6A1E797149BD}.Debug|Any CPU.ActiveCfg = Debug|Any CPU
		{E222BD8F-335F-4B5D-9486-6A1E797149BD}.Debug|Any CPU.Build.0 = Debug|Any CPU
		{E222BD8F-335F-4B5D-9486-6A1E797149BD}.Release|Any CPU.ActiveCfg = Release|Any CPU
		{E222BD8F-335F-4B5D-9486-6A1E797149BD}.Release|Any CPU.Build.0 = Release|Any CPU
		{B02A3485-4BB3-4D58-B910-BC1E9C53162C}.Debug|Any CPU.ActiveCfg = Debug|Any CPU
		{B02A3485-4BB3-4D58-B910-BC1E9C53162C}.Debug|Any CPU.Build.0 = Debug|Any CPU
		{B02A3485-4BB3-4D58-B910-BC1E9C53162C}.Debug|Any CPU.Deploy.0 = Debug|Any CPU
		{B02A3485-4BB3-4D58-B910-BC1E9C53162C}.Release|Any CPU.ActiveCfg = Release|Any CPU
		{B02A3485-4BB3-4D58-B910-BC1E9C53162C}.Release|Any CPU.Build.0 = Release|Any CPU
		{B02A3485-4BB3-4D58-B910-BC1E9C53162C}.Release|Any CPU.Deploy.0 = Release|Any CPU
		{1AE4F38E-7375-4C76-9613-E4B379990B55}.Debug|Any CPU.ActiveCfg = Debug|Any CPU
		{1AE4F38E-7375-4C76-9613-E4B379990B55}.Debug|Any CPU.Build.0 = Debug|Any CPU
		{1AE4F38E-7375-4C76-9613-E4B379990B55}.Release|Any CPU.ActiveCfg = Release|Any CPU
		{1AE4F38E-7375-4C76-9613-E4B379990B55}.Release|Any CPU.Build.0 = Release|Any CPU
		{68721B86-8062-40A1-AF74-3EE2B360CC1B}.Debug|Any CPU.ActiveCfg = Debug|Any CPU
		{68721B86-8062-40A1-AF74-3EE2B360CC1B}.Debug|Any CPU.Build.0 = Debug|Any CPU
		{68721B86-8062-40A1-AF74-3EE2B360CC1B}.Release|Any CPU.ActiveCfg = Release|Any CPU
		{68721B86-8062-40A1-AF74-3EE2B360CC1B}.Release|Any CPU.Build.0 = Release|Any CPU
		{7454F9BC-EAED-4AD5-A3FD-146C085654BB}.Debug|Any CPU.ActiveCfg = Debug|Any CPU
		{7454F9BC-EAED-4AD5-A3FD-146C085654BB}.Debug|Any CPU.Build.0 = Debug|Any CPU
		{7454F9BC-EAED-4AD5-A3FD-146C085654BB}.Release|Any CPU.ActiveCfg = Release|Any CPU
		{7454F9BC-EAED-4AD5-A3FD-146C085654BB}.Release|Any CPU.Build.0 = Release|Any CPU
		{24232E7C-DEC1-453A-BB6F-C174E8AC57A9}.Debug|Any CPU.ActiveCfg = Debug|Any CPU
		{24232E7C-DEC1-453A-BB6F-C174E8AC57A9}.Debug|Any CPU.Build.0 = Debug|Any CPU
		{24232E7C-DEC1-453A-BB6F-C174E8AC57A9}.Release|Any CPU.ActiveCfg = Release|Any CPU
		{24232E7C-DEC1-453A-BB6F-C174E8AC57A9}.Release|Any CPU.Build.0 = Release|Any CPU
	EndGlobalSection
	GlobalSection(SolutionProperties) = preSolution
		HideSolutionNode = FALSE
	EndGlobalSection
	GlobalSection(NestedProjects) = preSolution
		{E222BD8F-335F-4B5D-9486-6A1E797149BD} = {63738ECA-D258-4CBA-8418-8403AD47484B}
		{B02A3485-4BB3-4D58-B910-BC1E9C53162C} = {6FFE4EF4-1787-4873-9D57-C7AF62EB58ED}
		{1AE4F38E-7375-4C76-9613-E4B379990B55} = {B9FC2B7F-8F8D-478D-91E0-8E1F48C7DA1B}
		{68721B86-8062-40A1-AF74-3EE2B360CC1B} = {B9FC2B7F-8F8D-478D-91E0-8E1F48C7DA1B}
		{7454F9BC-EAED-4AD5-A3FD-146C085654BB} = {B9FC2B7F-8F8D-478D-91E0-8E1F48C7DA1B}
		{24232E7C-DEC1-453A-BB6F-C174E8AC57A9} = {B9FC2B7F-8F8D-478D-91E0-8E1F48C7DA1B}
	EndGlobalSection
	GlobalSection(ExtensibilityGlobals) = postSolution
		SolutionGuid = {0132F230-6D22-428D-8639-0398DE89DD41}
	EndGlobalSection
EndGlobal
